
Microsoft Visual Studio Solution File, Format Version 12.00
# Visual Studio Version 16
VisualStudioVersion = 16.0.29911.84
MinimumVisualStudioVersion = 10.0.40219.1
Project("{FAE04EC0-301F-11D3-BF4B-00C04F79EFBC}") = "SampleUserManagement", "SampleUserManagement\SampleUserManagement.csproj", "{79BD834E-600F-459B-AE17-B0A74298F624}"
EndProject
Global
	GlobalSection(SolutionConfigurationPlatforms) = preSolution
		Debug|Any CPU = Debug|Any CPU
		Release|Any CPU = Release|Any CPU
	EndGlobalSection
	GlobalSection(ProjectConfigurationPlatforms) = postSolution
		{79BD834E-600F-459B-AE17-B0A74298F624}.Debug|Any CPU.ActiveCfg = Debug|Any CPU
		{79BD834E-600F-459B-AE17-B0A74298F624}.Debug|Any CPU.Build.0 = Debug|Any CPU
		{79BD834E-600F-459B-AE17-B0A74298F624}.Release|Any CPU.ActiveCfg = Release|Any CPU
		{79BD834E-600F-459B-AE17-B0A74298F624}.Release|Any CPU.Build.0 = Release|Any CPU
	EndGlobalSection
	GlobalSection(SolutionProperties) = preSolution
		HideSolutionNode = FALSE
	EndGlobalSection
	GlobalSection(ExtensibilityGlobals) = postSolution
		SolutionGuid = {DC4E7A26-0FF9-46D5-BEF7-5F8F2CD01FCE}
	EndGlobalSection
EndGlobal
